
Microsoft Visual Studio Solution File, Format Version 12.00
# Visual Studio 15
VisualStudioVersion = 15.0.26730.16
MinimumVisualStudioVersion = 10.0.40219.1
Project("{FAE04EC0-301F-11D3-BF4B-00C04F79EFBC}") = "Browser Memory Logger", "Browser Memory Logger\Browser Memory Logger.csproj", "{58B294B6-3890-4AC2-8723-340A0C7DA66C}"
EndProject
Global
	GlobalSection(SolutionConfigurationPlatforms) = preSolution
		Debug|x86 = Debug|x86
		Release|x86 = Release|x86
	EndGlobalSection
	GlobalSection(ProjectConfigurationPlatforms) = postSolution
		{58B294B6-3890-4AC2-8723-340A0C7DA66C}.Debug|x86.ActiveCfg = Debug|x86
		{58B294B6-3890-4AC2-8723-340A0C7DA66C}.Debug|x86.Build.0 = Debug|x86
		{58B294B6-3890-4AC2-8723-340A0C7DA66C}.Release|x86.ActiveCfg = Release|x86
		{58B294B6-3890-4AC2-8723-340A0C7DA66C}.Release|x86.Build.0 = Release|x86
	EndGlobalSection
	GlobalSection(SolutionProperties) = preSolution
		HideSolutionNode = FALSE
	EndGlobalSection
	GlobalSection(ExtensibilityGlobals) = postSolution
		SolutionGuid = {BFEC1E88-16B3-400C-BDCD-184827115115}
	EndGlobalSection
EndGlobal
