
Microsoft Visual Studio Solution File, Format Version 12.00
# Visual Studio 14
VisualStudioVersion = 14.0.25420.1
MinimumVisualStudioVersion = 10.0.40219.1
Project("{FAE04EC0-301F-11D3-BF4B-00C04F79EFBC}") = "NXi Browser Memory Logger", "NXi Browser Memory Logger\NXi Browser Memory Logger.csproj", "{58B294B6-3890-4AC2-8723-340A0C7DA66C}"
EndProject
Global
	GlobalSection(SolutionConfigurationPlatforms) = preSolution
		Debug|x86 = Debug|x86
		Release|x86 = Release|x86
	EndGlobalSection
	GlobalSection(ProjectConfigurationPlatforms) = postSolution
		{58B294B6-3890-4AC2-8723-340A0C7DA66C}.Debug|x86.ActiveCfg = Debug|x86
		{58B294B6-3890-4AC2-8723-340A0C7DA66C}.Debug|x86.Build.0 = Debug|x86
		{58B294B6-3890-4AC2-8723-340A0C7DA66C}.Release|x86.ActiveCfg = Release|x86
		{58B294B6-3890-4AC2-8723-340A0C7DA66C}.Release|x86.Build.0 = Release|x86
	EndGlobalSection
	GlobalSection(SolutionProperties) = preSolution
		HideSolutionNode = FALSE
	EndGlobalSection
EndGlobal
